# Generated by pub
# See https://dart.dev/tools/pub/glossary#lockfile
packages:
  collection:
    dependency: "direct main"
    description:
      path: "."
      ref: null_safety
      resolved-ref: "6ef56d3e8cfa4d347cbf70321251c5bb87acc9a1"
      url: "https://github.com/dart-lang/collection"
    source: git
    version: "1.14.13-dev"
sdks:
  dart: ">=2.9.0-11.0.dev <3.0.0"
